
Microsoft Visual Studio Solution File, Format Version 12.00
# Visual Studio 15
VisualStudioVersion = 15.0.28010.2026
MinimumVisualStudioVersion = 10.0.40219.1
Project("{8BC9CEB8-8B4A-11D0-8D11-00A0C91BC942}") = "joseph", "joseph\joseph.vcxproj", "{C8BAF1C4-0E1E-4315-A32D-858FDEFB7DCE}"
EndProject
Global
	GlobalSection(SolutionConfigurationPlatforms) = preSolution
		Debug|x64 = Debug|x64
		Debug|x86 = Debug|x86
		Release|x64 = Release|x64
		Release|x86 = Release|x86
	EndGlobalSection
	GlobalSection(ProjectConfigurationPlatforms) = postSolution
		{C8BAF1C4-0E1E-4315-A32D-858FDEFB7DCE}.Debug|x64.ActiveCfg = Debug|x64
		{C8BAF1C4-0E1E-4315-A32D-858FDEFB7DCE}.Debug|x64.Build.0 = Debug|x64
		{C8BAF1C4-0E1E-4315-A32D-858FDEFB7DCE}.Debug|x86.ActiveCfg = Debug|Win32
		{C8BAF1C4-0E1E-4315-A32D-858FDEFB7DCE}.Debug|x86.Build.0 = Debug|Win32
		{C8BAF1C4-0E1E-4315-A32D-858FDEFB7DCE}.Release|x64.ActiveCfg = Release|x64
		{C8BAF1C4-0E1E-4315-A32D-858FDEFB7DCE}.Release|x64.Build.0 = Release|x64
		{C8BAF1C4-0E1E-4315-A32D-858FDEFB7DCE}.Release|x86.ActiveCfg = Release|Win32
		{C8BAF1C4-0E1E-4315-A32D-858FDEFB7DCE}.Release|x86.Build.0 = Release|Win32
	EndGlobalSection
	GlobalSection(SolutionProperties) = preSolution
		HideSolutionNode = FALSE
	EndGlobalSection
	GlobalSection(ExtensibilityGlobals) = postSolution
		SolutionGuid = {94D19E15-1FE2-4869-9C47-29EC9A96180B}
	EndGlobalSection
EndGlobal
